
Microsoft Visual Studio Solution File, Format Version 12.00
# Visual Studio Version 17
VisualStudioVersion = 17.2.32505.173
MinimumVisualStudioVersion = 10.0.40219.1
Project("{FAE04EC0-301F-11D3-BF4B-00C04F79EFBC}") = "accessodirettofile(2)", "accessodirettofile(2)\accessodirettofile(2).csproj", "{7617C7D1-3429-4332-B789-FE2E21F3EB61}"
EndProject
Global
	GlobalSection(SolutionConfigurationPlatforms) = preSolution
		Debug|Any CPU = Debug|Any CPU
		Release|Any CPU = Release|Any CPU
	EndGlobalSection
	GlobalSection(ProjectConfigurationPlatforms) = postSolution
		{7617C7D1-3429-4332-B789-FE2E21F3EB61}.Debug|Any CPU.ActiveCfg = Debug|Any CPU
		{7617C7D1-3429-4332-B789-FE2E21F3EB61}.Debug|Any CPU.Build.0 = Debug|Any CPU
		{7617C7D1-3429-4332-B789-FE2E21F3EB61}.Release|Any CPU.ActiveCfg = Release|Any CPU
		{7617C7D1-3429-4332-B789-FE2E21F3EB61}.Release|Any CPU.Build.0 = Release|Any CPU
	EndGlobalSection
	GlobalSection(SolutionProperties) = preSolution
		HideSolutionNode = FALSE
	EndGlobalSection
	GlobalSection(ExtensibilityGlobals) = postSolution
		SolutionGuid = {CC2C9A2B-9228-4AC4-9DB8-6FCF1732D631}
	EndGlobalSection
EndGlobal
